// !$*UTF8*$!
{
	archiveVersion = 1;
	classes = {
	};
	objectVersion = 50;
	objects = {

/* Begin PBXBuildFile section */
		7329476C22750C9500303EB4 /* AppDelegate.swift in Sources */ = {isa = PBXBuildFile; fileRef = 7329476B22750C9500303EB4 /* AppDelegate.swift */; };
		7329476E22750C9500303EB4 /* ViewController.swift in Sources */ = {isa = PBXBuildFile; fileRef = 7329476D22750C9500303EB4 /* ViewController.swift */; };
		7329477122750C9500303EB4 /* Main.storyboard in Resources */ = {isa = PBXBuildFile; fileRef = 7329476F22750C9500303EB4 /* Main.storyboard */; };
		7329477322750C9E00303EB4 /* Assets.xcassets in Resources */ = {isa = PBXBuildFile; fileRef = 7329477222750C9E00303EB4 /* Assets.xcassets */; };
		7329477622750C9E00303EB4 /* LaunchScreen.storyboard in Resources */ = {isa = PBXBuildFile; fileRef = 7329477422750C9E00303EB4 /* LaunchScreen.storyboard */; };
		735729152289A41800FC1416 /* PopulationModelValuesViewController.swift in Sources */ = {isa = PBXBuildFile; fileRef = 735729142289A41800FC1416 /* PopulationModelValuesViewController.swift */; };
		73572917228A06BC00FC1416 /* SavedProblemsViewController.swift in Sources */ = {isa = PBXBuildFile; fileRef = 73572916228A06BC00FC1416 /* SavedProblemsViewController.swift */; };
		73572919228A0D4700FC1416 /* ChooseOneViewController.swift in Sources */ = {isa = PBXBuildFile; fileRef = 73572918228A0D4700FC1416 /* ChooseOneViewController.swift */; };
		7357291B228A304A00FC1416 /* ResultsViewController.swift in Sources */ = {isa = PBXBuildFile; fileRef = 7357291A228A304A00FC1416 /* ResultsViewController.swift */; };
		73FCF3C12288A03500091CAF /* InputXYValuesViewController.swift in Sources */ = {isa = PBXBuildFile; fileRef = 73FCF3C02288A03500091CAF /* InputXYValuesViewController.swift */; };
/* End PBXBuildFile section */

/* Begin PBXFileReference section */
		7329476822750C9500303EB4 /* InSTATly!.app */ = {isa = PBXFileReference; explicitFileType = wrapper.application; includeInIndex = 0; path = "InSTATly!.app"; sourceTree = BUILT_PRODUCTS_DIR; };
		7329476B22750C9500303EB4 /* AppDelegate.swift */ = {isa = PBXFileReference; lastKnownFileType = sourcecode.swift; path = AppDelegate.swift; sourceTree = "<group>"; };
		7329476D22750C9500303EB4 /* ViewController.swift */ = {isa = PBXFileReference; lastKnownFileType = sourcecode.swift; path = ViewController.swift; sourceTree = "<group>"; };
		7329477022750C9500303EB4 /* Base */ = {isa = PBXFileReference; lastKnownFileType = file.storyboard; name = Base; path = Base.lproj/Main.storyboard; sourceTree = "<group>"; };
		7329477222750C9E00303EB4 /* Assets.xcassets */ = {isa = PBXFileReference; lastKnownFileType = folder.assetcatalog; path = Assets.xcassets; sourceTree = "<group>"; };
		7329477522750C9E00303EB4 /* Base */ = {isa = PBXFileReference; lastKnownFileType = file.storyboard; name = Base; path = Base.lproj/LaunchScreen.storyboard; sourceTree = "<group>"; };
		7329477722750C9E00303EB4 /* Info.plist */ = {isa = PBXFileReference; lastKnownFileType = text.plist.xml; path = Info.plist; sourceTree = "<group>"; };
		735729142289A41800FC1416 /* PopulationModelValuesViewController.swift */ = {isa = PBXFileReference; lastKnownFileType = sourcecode.swift; path = PopulationModelValuesViewController.swift; sourceTree = "<group>"; };
		73572916228A06BC00FC1416 /* SavedProblemsViewController.swift */ = {isa = PBXFileReference; lastKnownFileType = sourcecode.swift; path = SavedProblemsViewController.swift; sourceTree = "<group>"; };
		73572918228A0D4700FC1416 /* ChooseOneViewController.swift */ = {isa = PBXFileReference; lastKnownFileType = sourcecode.swift; path = ChooseOneViewController.swift; sourceTree = "<group>"; };
		7357291A228A304A00FC1416 /* ResultsViewController.swift */ = {isa = PBXFileReference; lastKnownFileType = sourcecode.swift; path = ResultsViewController.swift; sourceTree = "<group>"; };
		73FCF3C02288A03500091CAF /* InputXYValuesViewController.swift */ = {isa = PBXFileReference; lastKnownFileType = sourcecode.swift; path = InputXYValuesViewController.swift; sourceTree = "<group>"; };
/* End PBXFileReference section */

/* Begin PBXFrameworksBuildPhase section */
		7329476522750C9500303EB4 /* Frameworks */ = {
			isa = PBXFrameworksBuildPhase;
			buildActionMask = 2147483647;
			files = (
			);
			runOnlyForDeploymentPostprocessing = 0;
		};
/* End PBXFrameworksBuildPhase section */

/* Begin PBXGroup section */
		7329475F22750C9400303EB4 = {
			isa = PBXGroup;
			children = (
				7329476A22750C9500303EB4 /* InSTATly! */,
				7329476922750C9500303EB4 /* Products */,
			);
			sourceTree = "<group>";
		};
		7329476922750C9500303EB4 /* Products */ = {
			isa = PBXGroup;
			children = (
				7329476822750C9500303EB4 /* InSTATly!.app */,
			);
			name = Products;
			sourceTree = "<group>";
		};
		7329476A22750C9500303EB4 /* InSTATly! */ = {
			isa = PBXGroup;
			children = (
				7329476B22750C9500303EB4 /* AppDelegate.swift */,
				7329476D22750C9500303EB4 /* ViewController.swift */,
				73572918228A0D4700FC1416 /* ChooseOneViewController.swift */,
				73FCF3C02288A03500091CAF /* InputXYValuesViewController.swift */,
				735729142289A41800FC1416 /* PopulationModelValuesViewController.swift */,
				73572916228A06BC00FC1416 /* SavedProblemsViewController.swift */,
				7329476F22750C9500303EB4 /* Main.storyboard */,
				7357291A228A304A00FC1416 /* ResultsViewController.swift */,
				7329477222750C9E00303EB4 /* Assets.xcassets */,
				7329477422750C9E00303EB4 /* LaunchScreen.storyboard */,
				7329477722750C9E00303EB4 /* Info.plist */,
			);
			path = "InSTATly!";
			sourceTree = "<group>";
		};
/* End PBXGroup section */

/* Begin PBXNativeTarget section */
		7329476722750C9500303EB4 /* InSTATly! */ = {
			isa = PBXNativeTarget;
			buildConfigurationList = 7329477A22750C9E00303EB4 /* Build configuration list for PBXNativeTarget "InSTATly!" */;
			buildPhases = (
				7329476422750C9500303EB4 /* Sources */,
				7329476522750C9500303EB4 /* Frameworks */,
				7329476622750C9500303EB4 /* Resources */,
			);
			buildRules = (
			);
			dependencies = (
			);
			name = "InSTATly!";
			productName = "InSTATly!";
			productReference = 7329476822750C9500303EB4 /* InSTATly!.app */;
			productType = "com.apple.product-type.application";
		};
/* End PBXNativeTarget section */

/* Begin PBXProject section */
		7329476022750C9400303EB4 /* Project object */ = {
			isa = PBXProject;
			attributes = {
				LastSwiftUpdateCheck = 1010;
				LastUpgradeCheck = 1010;
				ORGANIZATIONNAME = "Ale Escalante";
				TargetAttributes = {
					7329476722750C9500303EB4 = {
						CreatedOnToolsVersion = 10.1;
					};
				};
			};
			buildConfigurationList = 7329476322750C9400303EB4 /* Build configuration list for PBXProject "InSTATly!" */;
			compatibilityVersion = "Xcode 9.3";
			developmentRegion = en;
			hasScannedForEncodings = 0;
			knownRegions = (
				en,
				Base,
			);
			mainGroup = 7329475F22750C9400303EB4;
			productRefGroup = 7329476922750C9500303EB4 /* Products */;
			projectDirPath = "";
			projectRoot = "";
			targets = (
				7329476722750C9500303EB4 /* InSTATly! */,
			);
		};
/* End PBXProject section */

/* Begin PBXResourcesBuildPhase section */
		7329476622750C9500303EB4 /* Resources */ = {
			isa = PBXResourcesBuildPhase;
			buildActionMask = 2147483647;
			files = (
				7329477622750C9E00303EB4 /* LaunchScreen.storyboard in Resources */,
				7329477322750C9E00303EB4 /* Assets.xcassets in Resources */,
				7329477122750C9500303EB4 /* Main.storyboard in Resources */,
			);
			runOnlyForDeploymentPostprocessing = 0;
		};
/* End PBXResourcesBuildPhase section */

/* Begin PBXSourcesBuildPhase section */
		7329476422750C9500303EB4 /* Sources */ = {
			isa = PBXSourcesBuildPhase;
			buildActionMask = 2147483647;
			files = (
				73572919228A0D4700FC1416 /* ChooseOneViewController.swift in Sources */,
				7329476E22750C9500303EB4 /* ViewController.swift in Sources */,
				7329476C22750C9500303EB4 /* AppDelegate.swift in Sources */,
				7357291B228A304A00FC1416 /* ResultsViewController.swift in Sources */,
				73572917228A06BC00FC1416 /* SavedProblemsViewController.swift in Sources */,
				735729152289A41800FC1416 /* PopulationModelValuesViewController.swift in Sources */,
				73FCF3C12288A03500091CAF /* InputXYValuesViewController.swift in Sources */,
			);
			runOnlyForDeploymentPostprocessing = 0;
		};
/* End PBXSourcesBuildPhase section */

/* Begin PBXVariantGroup section */
		7329476F22750C9500303EB4 /* Main.storyboard */ = {
			isa = PBXVariantGroup;
			children = (
				7329477022750C9500303EB4 /* Base */,
			);
			name = Main.storyboard;
			sourceTree = "<group>";
		};
		7329477422750C9E00303EB4 /* LaunchScreen.storyboard */ = {
			isa = PBXVariantGroup;
			children = (
				7329477522750C9E00303EB4 /* Base */,
			);
			name = LaunchScreen.storyboard;
			sourceTree = "<group>";
		};
/* End PBXVariantGroup section */

/* Begin XCBuildConfiguration section */
		7329477822750C9E00303EB4 /* Debug */ = {
			isa = XCBuildConfiguration;
			buildSettings = {
				ALWAYS_SEARCH_USER_PATHS = NO;
				CLANG_ANALYZER_NONNULL = YES;
				CLANG_ANALYZER_NUMBER_OBJECT_CONVERSION = YES_AGGRESSIVE;
				CLANG_CXX_LANGUAGE_STANDARD = "gnu++14";
				CLANG_CXX_LIBRARY = "libc++";
				CLANG_ENABLE_MODULES = YES;
				CLANG_ENABLE_OBJC_ARC = YES;
				CLANG_ENABLE_OBJC_WEAK = YES;
				CLANG_WARN_BLOCK_CAPTURE_AUTORELEASING = YES;
				CLANG_WARN_BOOL_CONVERSION = YES;
				CLANG_WARN_COMMA = YES;
				CLANG_WARN_CONSTANT_CONVERSION = YES;
				CLANG_WARN_DEPRECATED_OBJC_IMPLEMENTATIONS = YES;
				CLANG_WARN_DIRECT_OBJC_ISA_USAGE = YES_ERROR;
				CLANG_WARN_DOCUMENTATION_COMMENTS = YES;
				CLANG_WARN_EMPTY_BODY = YES;
				CLANG_WARN_ENUM_CONVERSION = YES;
				CLANG_WARN_INFINITE_RECURSION = YES;
				CLANG_WARN_INT_CONVERSION = YES;
				CLANG_WARN_NON_LITERAL_NULL_CONVERSION = YES;
				CLANG_WARN_OBJC_IMPLICIT_RETAIN_SELF = YES;
				CLANG_WARN_OBJC_LITERAL_CONVERSION = YES;
				CLANG_WARN_OBJC_ROOT_CLASS = YES_ERROR;
				CLANG_WARN_RANGE_LOOP_ANALYSIS = YES;
				CLANG_WARN_STRICT_PROTOTYPES = YES;
				CLANG_WARN_SUSPICIOUS_MOVE = YES;
				CLANG_WARN_UNGUARDED_AVAILABILITY = YES_AGGRESSIVE;
				CLANG_WARN_UNREACHABLE_CODE = YES;
				CLANG_WARN__DUPLICATE_METHOD_MATCH = YES;
				CODE_SIGN_IDENTITY = "iPhone Developer";
				COPY_PHASE_STRIP = NO;
				DEBUG_INFORMATION_FORMAT = dwarf;
				ENABLE_STRICT_OBJC_MSGSEND = YES;
				ENABLE_TESTABILITY = YES;
				GCC_C_LANGUAGE_STANDARD = gnu11;
				GCC_DYNAMIC_NO_PIC = NO;
				GCC_NO_COMMON_BLOCKS = YES;
				GCC_OPTIMIZATION_LEVEL = 0;
				GCC_PREPROCESSOR_DEFINITIONS = (
					"DEBUG=1",
					"$(inherited)",
				);
				GCC_WARN_64_TO_32_BIT_CONVERSION = YES;
				GCC_WARN_ABOUT_RETURN_TYPE = YES_ERROR;
				GCC_WARN_UNDECLARED_SELECTOR = YES;
				GCC_WARN_UNINITIALIZED_AUTOS = YES_AGGRESSIVE;
				GCC_WARN_UNUSED_FUNCTION = YES;
				GCC_WARN_UNUSED_VARIABLE = YES;
				IPHONEOS_DEPLOYMENT_TARGET = 12.1;
				MTL_ENABLE_DEBUG_INFO = INCLUDE_SOURCE;
				MTL_FAST_MATH = YES;
				ONLY_ACTIVE_ARCH = YES;
				SDKROOT = iphoneos;
				SWIFT_ACTIVE_COMPILATION_CONDITIONS = DEBUG;
				SWIFT_OPTIMIZATION_LEVEL = "-Onone";
			};
			name = Debug;
		};
		7329477922750C9E00303EB4 /* Release */ = {
			isa = XCBuildConfiguration;
			buildSettings = {
				ALWAYS_SEARCH_USER_PATHS = NO;
				CLANG_ANALYZER_NONNULL = YES;
				CLANG_ANALYZER_NUMBER_OBJECT_CONVERSION = YES_AGGRESSIVE;
				CLANG_CXX_LANGUAGE_STANDARD = "gnu++14";
				CLANG_CXX_LIBRARY = "libc++";
				CLANG_ENABLE_MODULES = YES;
				CLANG_ENABLE_OBJC_ARC = YES;
				CLANG_ENABLE_OBJC_WEAK = YES;
				CLANG_WARN_BLOCK_CAPTURE_AUTORELEASING = YES;
				CLANG_WARN_BOOL_CONVERSION = YES;
				CLANG_WARN_COMMA = YES;
				CLANG_WARN_CONSTANT_CONVERSION = YES;
				CLANG_WARN_DEPRECATED_OBJC_IMPLEMENTATIONS = YES;
				CLANG_WARN_DIRECT_OBJC_ISA_USAGE = YES_ERROR;
				CLANG_WARN_DOCUMENTATION_COMMENTS = YES;
				CLANG_WARN_EMPTY_BODY = YES;
				CLANG_WARN_ENUM_CONVERSION = YES;
				CLANG_WARN_INFINITE_RECURSION = YES;
				CLANG_WARN_INT_CONVERSION = YES;
				CLANG_WARN_NON_LITERAL_NULL_CONVERSION = YES;
				CLANG_WARN_OBJC_IMPLICIT_RETAIN_SELF = YES;
				CLANG_WARN_OBJC_LITERAL_CONVERSION = YES;
				CLANG_WARN_OBJC_ROOT_CLASS = YES_ERROR;
				CLANG_WARN_RANGE_LOOP_ANALYSIS = YES;
				CLANG_WARN_STRICT_PROTOTYPES = YES;
				CLANG_WARN_SUSPICIOUS_MOVE = YES;
				CLANG_WARN_UNGUARDED_AVAILABILITY = YES_AGGRESSIVE;
				CLANG_WARN_UNREACHABLE_CODE = YES;
				CLANG_WARN__DUPLICATE_METHOD_MATCH = YES;
				CODE_SIGN_IDENTITY = "iPhone Developer";
				COPY_PHASE_STRIP = NO;
				DEBUG_INFORMATION_FORMAT = "dwarf-with-dsym";
				ENABLE_NS_ASSERTIONS = NO;
				ENABLE_STRICT_OBJC_MSGSEND = YES;
				GCC_C_LANGUAGE_STANDARD = gnu11;
				GCC_NO_COMMON_BLOCKS = YES;
				GCC_WARN_64_TO_32_BIT_CONVERSION = YES;
				GCC_WARN_ABOUT_RETURN_TYPE = YES_ERROR;
				GCC_WARN_UNDECLARED_SELECTOR = YES;
				GCC_WARN_UNINITIALIZED_AUTOS = YES_AGGRESSIVE;
				GCC_WARN_UNUSED_FUNCTION = YES;
				GCC_WARN_UNUSED_VARIABLE = YES;
				IPHONEOS_DEPLOYMENT_TARGET = 12.1;
				MTL_ENABLE_DEBUG_INFO = NO;
				MTL_FAST_MATH = YES;
				SDKROOT = iphoneos;
				SWIFT_COMPILATION_MODE = wholemodule;
				SWIFT_OPTIMIZATION_LEVEL = "-O";
				VALIDATE_PRODUCT = YES;
			};
			name = Release;
		};
		7329477B22750C9E00303EB4 /* Debug */ = {
			isa = XCBuildConfiguration;
			buildSettings = {
				ASSETCATALOG_COMPILER_APPICON_NAME = AppIcon;
				CODE_SIGN_STYLE = Automatic;
				DEVELOPMENT_TEAM = 4N3ND4NT39;
				INFOPLIST_FILE = "InSTATly!/Info.plist";
				LD_RUNPATH_SEARCH_PATHS = (
					"$(inherited)",
					"@executable_path/Frameworks",
				);
				PRODUCT_BUNDLE_IDENTIFIER = "com.escalante.InSTATly-";
				PRODUCT_NAME = "$(TARGET_NAME)";
				SWIFT_VERSION = 4.2;
				TARGETED_DEVICE_FAMILY = "1,2";
			};
			name = Debug;
		};
		7329477C22750C9E00303EB4 /* Release */ = {
			isa = XCBuildConfiguration;
			buildSettings = {
				ASSETCATALOG_COMPILER_APPICON_NAME = AppIcon;
				CODE_SIGN_STYLE = Automatic;
				DEVELOPMENT_TEAM = 4N3ND4NT39;
				INFOPLIST_FILE = "InSTATly!/Info.plist";
				LD_RUNPATH_SEARCH_PATHS = (
					"$(inherited)",
					"@executable_path/Frameworks",
				);
				PRODUCT_BUNDLE_IDENTIFIER = "com.escalante.InSTATly-";
				PRODUCT_NAME = "$(TARGET_NAME)";
				SWIFT_VERSION = 4.2;
				TARGETED_DEVICE_FAMILY = "1,2";
			};
			name = Release;
		};
/* End XCBuildConfiguration section */

/* Begin XCConfigurationList section */
		7329476322750C9400303EB4 /* Build configuration list for PBXProject "InSTATly!" */ = {
			isa = XCConfigurationList;
			buildConfigurations = (
				7329477822750C9E00303EB4 /* Debug */,
				7329477922750C9E00303EB4 /* Release */,
			);
			defaultConfigurationIsVisible = 0;
			defaultConfigurationName = Release;
		};
		7329477A22750C9E00303EB4 /* Build configuration list for PBXNativeTarget "InSTATly!" */ = {
			isa = XCConfigurationList;
			buildConfigurations = (
				7329477B22750C9E00303EB4 /* Debug */,
				7329477C22750C9E00303EB4 /* Release */,
			);
			defaultConfigurationIsVisible = 0;
			defaultConfigurationName = Release;
		};
/* End XCConfigurationList section */
	};
	rootObject = 7329476022750C9400303EB4 /* Project object */;
}
